
Microsoft Visual Studio Solution File, Format Version 12.00
# Visual Studio 2012
Project("{FAE04EC0-301F-11D3-BF4B-00C04F79EFBC}") = "Bonobo.Git.Server", "Bonobo.Git.Server\Bonobo.Git.Server.csproj", "{6129B3FE-B282-4F6F-8836-8AF66602F8DA}"
EndProject
Project("{FAE04EC0-301F-11D3-BF4B-00C04F79EFBC}") = "GitSharp", "GitSharp\GitSharp.csproj", "{7311850F-619A-4241-B09F-157792C75FBA}"
EndProject
Project("{FAE04EC0-301F-11D3-BF4B-00C04F79EFBC}") = "GitSharp.Core", "GitSharp.Core\GitSharp.Core.csproj", "{C46EDD61-C202-465A-93F1-ADE20A83BB59}"
EndProject
Global
	GlobalSection(SolutionConfigurationPlatforms) = preSolution
		Debug|Any CPU = Debug|Any CPU
		Debug|Mixed Platforms = Debug|Mixed Platforms
		Debug|x86 = Debug|x86
		Release|Any CPU = Release|Any CPU
		Release|Mixed Platforms = Release|Mixed Platforms
		Release|x86 = Release|x86
	EndGlobalSection
	GlobalSection(ProjectConfigurationPlatforms) = postSolution
		{6129B3FE-B282-4F6F-8836-8AF66602F8DA}.Debug|Any CPU.ActiveCfg = Debug|Any CPU
		{6129B3FE-B282-4F6F-8836-8AF66602F8DA}.Debug|Any CPU.Build.0 = Debug|Any CPU
		{6129B3FE-B282-4F6F-8836-8AF66602F8DA}.Debug|Mixed Platforms.ActiveCfg = Debug|Any CPU
		{6129B3FE-B282-4F6F-8836-8AF66602F8DA}.Debug|Mixed Platforms.Build.0 = Debug|Any CPU
		{6129B3FE-B282-4F6F-8836-8AF66602F8DA}.Debug|x86.ActiveCfg = Debug|Any CPU
		{6129B3FE-B282-4F6F-8836-8AF66602F8DA}.Release|Any CPU.ActiveCfg = Release|Any CPU
		{6129B3FE-B282-4F6F-8836-8AF66602F8DA}.Release|Any CPU.Build.0 = Release|Any CPU
		{6129B3FE-B282-4F6F-8836-8AF66602F8DA}.Release|Mixed Platforms.ActiveCfg = Release|Any CPU
		{6129B3FE-B282-4F6F-8836-8AF66602F8DA}.Release|Mixed Platforms.Build.0 = Release|Any CPU
		{6129B3FE-B282-4F6F-8836-8AF66602F8DA}.Release|x86.ActiveCfg = Release|Any CPU
		{7311850F-619A-4241-B09F-157792C75FBA}.Debug|Any CPU.ActiveCfg = Debug|Any CPU
		{7311850F-619A-4241-B09F-157792C75FBA}.Debug|Any CPU.Build.0 = Debug|Any CPU
		{7311850F-619A-4241-B09F-157792C75FBA}.Debug|Mixed Platforms.ActiveCfg = Debug|Any CPU
		{7311850F-619A-4241-B09F-157792C75FBA}.Debug|Mixed Platforms.Build.0 = Debug|Any CPU
		{7311850F-619A-4241-B09F-157792C75FBA}.Debug|x86.ActiveCfg = Debug|Any CPU
		{7311850F-619A-4241-B09F-157792C75FBA}.Release|Any CPU.ActiveCfg = Release|Any CPU
		{7311850F-619A-4241-B09F-157792C75FBA}.Release|Any CPU.Build.0 = Release|Any CPU
		{7311850F-619A-4241-B09F-157792C75FBA}.Release|Mixed Platforms.ActiveCfg = Release|Any CPU
		{7311850F-619A-4241-B09F-157792C75FBA}.Release|Mixed Platforms.Build.0 = Release|Any CPU
		{7311850F-619A-4241-B09F-157792C75FBA}.Release|x86.ActiveCfg = Release|Any CPU
		{C46EDD61-C202-465A-93F1-ADE20A83BB59}.Debug|Any CPU.ActiveCfg = Debug|Any CPU
		{C46EDD61-C202-465A-93F1-ADE20A83BB59}.Debug|Any CPU.Build.0 = Debug|Any CPU
		{C46EDD61-C202-465A-93F1-ADE20A83BB59}.Debug|Mixed Platforms.ActiveCfg = Debug|Any CPU
		{C46EDD61-C202-465A-93F1-ADE20A83BB59}.Debug|Mixed Platforms.Build.0 = Debug|Any CPU
		{C46EDD61-C202-465A-93F1-ADE20A83BB59}.Debug|x86.ActiveCfg = Debug|Any CPU
		{C46EDD61-C202-465A-93F1-ADE20A83BB59}.Release|Any CPU.ActiveCfg = Release|Any CPU
		{C46EDD61-C202-465A-93F1-ADE20A83BB59}.Release|Any CPU.Build.0 = Release|Any CPU
		{C46EDD61-C202-465A-93F1-ADE20A83BB59}.Release|Mixed Platforms.ActiveCfg = Release|Any CPU
		{C46EDD61-C202-465A-93F1-ADE20A83BB59}.Release|Mixed Platforms.Build.0 = Release|Any CPU
		{C46EDD61-C202-465A-93F1-ADE20A83BB59}.Release|x86.ActiveCfg = Release|Any CPU
	EndGlobalSection
	GlobalSection(SolutionProperties) = preSolution
		HideSolutionNode = FALSE
	EndGlobalSection
	GlobalSection(ExtensibilityGlobals) = postSolution
		EnterpriseLibraryConfigurationToolBinariesPath = packages\Unity.2.1.505.2\lib\NET35
	EndGlobalSection
EndGlobal
